
Microsoft Visual Studio Solution File, Format Version 12.00
# Visual Studio Version 16
VisualStudioVersion = 16.0.29209.62
MinimumVisualStudioVersion = 10.0.40219.1
Project("{FAE04EC0-301F-11D3-BF4B-00C04F79EFBC}") = "ColorX", "ColorX\ColorX.csproj", "{F8AEF9D9-44A5-49F8-9479-66579FA0DEFC}"
EndProject
Global
	GlobalSection(SolutionConfigurationPlatforms) = preSolution
		Debug|Any CPU = Debug|Any CPU
		Release|Any CPU = Release|Any CPU
	EndGlobalSection
	GlobalSection(ProjectConfigurationPlatforms) = postSolution
		{F8AEF9D9-44A5-49F8-9479-66579FA0DEFC}.Debug|Any CPU.ActiveCfg = Debug|Any CPU
		{F8AEF9D9-44A5-49F8-9479-66579FA0DEFC}.Debug|Any CPU.Build.0 = Debug|Any CPU
		{F8AEF9D9-44A5-49F8-9479-66579FA0DEFC}.Release|Any CPU.ActiveCfg = Release|Any CPU
		{F8AEF9D9-44A5-49F8-9479-66579FA0DEFC}.Release|Any CPU.Build.0 = Release|Any CPU
	EndGlobalSection
	GlobalSection(SolutionProperties) = preSolution
		HideSolutionNode = FALSE
	EndGlobalSection
	GlobalSection(ExtensibilityGlobals) = postSolution
		SolutionGuid = {919600AB-478C-455E-91BB-1DF9FC8C1948}
	EndGlobalSection
EndGlobal
